// !$*UTF8*$!
{
	archiveVersion = 1;
	classes = {
	};
	objectVersion = 46;
	objects = {

/* Begin PBXBuildFile section */
		31631F171E7A62D10004952C /* QLMMineInfoCell.m in Sources */ = {isa = PBXBuildFile; fileRef = 31631F161E7A62D10004952C /* QLMMineInfoCell.m */; };
		31631F1D1E7A71AA0004952C /* QLMMineTopCell.m in Sources */ = {isa = PBXBuildFile; fileRef = 31631F1C1E7A71AA0004952C /* QLMMineTopCell.m */; };
		31631F2C1E7A8C850004952C /* QLMMineHeaderView.m in Sources */ = {isa = PBXBuildFile; fileRef = 31631F2B1E7A8C850004952C /* QLMMineHeaderView.m */; };
		31631F2F1E7A8CC70004952C /* QLMMineTableViewHeaderFooterView.m in Sources */ = {isa = PBXBuildFile; fileRef = 31631F2E1E7A8CC70004952C /* QLMMineTableViewHeaderFooterView.m */; };
		31631F371E7ABE990004952C /* QLMMineLoginSelectController.m in Sources */ = {isa = PBXBuildFile; fileRef = 31631F361E7ABE990004952C /* QLMMineLoginSelectController.m */; };
		316DC0D81E7BF4D20076BD9C /* QLMMineLoginController.m in Sources */ = {isa = PBXBuildFile; fileRef = 316DC0D51E7BF4D20076BD9C /* QLMMineLoginController.m */; };
		316DC0D91E7BF4D20076BD9C /* QLMMineRegisterController.m in Sources */ = {isa = PBXBuildFile; fileRef = 316DC0D71E7BF4D20076BD9C /* QLMMineRegisterController.m */; };
		31CCEA731E7979440077AE71 /* MineInformatiom.plist in Resources */ = {isa = PBXBuildFile; fileRef = 31CCEA721E7979440077AE71 /* MineInformatiom.plist */; };
		31CCEA761E7A37BE0077AE71 /* QLMMineInfoModel.m in Sources */ = {isa = PBXBuildFile; fileRef = 31CCEA751E7A37BE0077AE71 /* QLMMineInfoModel.m */; };
		435D27B51E7B96EB008A41FA /* QLMRankingDataTableViewCell.m in Sources */ = {isa = PBXBuildFile; fileRef = 435D27B41E7B96EB008A41FA /* QLMRankingDataTableViewCell.m */; };
		43EA267D1E7ACA9700380226 /* QLMEverydayBook.m in Sources */ = {isa = PBXBuildFile; fileRef = 43EA26721E7ACA9700380226 /* QLMEverydayBook.m */; };
		43EA267E1E7ACA9700380226 /* QLMFreeAudio.m in Sources */ = {isa = PBXBuildFile; fileRef = 43EA26741E7ACA9700380226 /* QLMFreeAudio.m */; };
		43EA26801E7ACA9700380226 /* QLMRankingData.m in Sources */ = {isa = PBXBuildFile; fileRef = 43EA26781E7ACA9700380226 /* QLMRankingData.m */; };
		43EA26811E7ACA9700380226 /* QLMRecommend.m in Sources */ = {isa = PBXBuildFile; fileRef = 43EA267A1E7ACA9700380226 /* QLMRecommend.m */; };
		43EA26821E7ACA9700380226 /* QLMSpecialColumn.m in Sources */ = {isa = PBXBuildFile; fileRef = 43EA267C1E7ACA9700380226 /* QLMSpecialColumn.m */; };
		43EA268B1E7ACAA800380226 /* QLMEverydayBookTableViewCell.m in Sources */ = {isa = PBXBuildFile; fileRef = 43EA26841E7ACAA800380226 /* QLMEverydayBookTableViewCell.m */; };
		43EA268C1E7ACAA800380226 /* QLMHeadCell.m in Sources */ = {isa = PBXBuildFile; fileRef = 43EA26861E7ACAA800380226 /* QLMHeadCell.m */; };
		43EA268D1E7ACAA800380226 /* QLMHeadFlowLayout.m in Sources */ = {isa = PBXBuildFile; fileRef = 43EA26881E7ACAA800380226 /* QLMHeadFlowLayout.m */; };
		43EA268E1E7ACAA800380226 /* QLMheadView.m in Sources */ = {isa = PBXBuildFile; fileRef = 43EA268A1E7ACAA800380226 /* QLMheadView.m */; };
		942CC1531E79AEC6004D3814 /* NSArray+FCSArray.m in Sources */ = {isa = PBXBuildFile; fileRef = 942CC1421E79AEC6004D3814 /* NSArray+FCSArray.m */; };
		942CC1541E79AEC6004D3814 /* NSAttributedString+FCSAttributedString.m in Sources */ = {isa = PBXBuildFile; fileRef = 942CC1441E79AEC6004D3814 /* NSAttributedString+FCSAttributedString.m */; };
		942CC1551E79AEC6004D3814 /* NSDictionary+FCSDictionary.m in Sources */ = {isa = PBXBuildFile; fileRef = 942CC1461E79AEC6004D3814 /* NSDictionary+FCSDictionary.m */; };
		942CC1561E79AEC6004D3814 /* NSObject+FCSObject.m in Sources */ = {isa = PBXBuildFile; fileRef = 942CC1481E79AEC6004D3814 /* NSObject+FCSObject.m */; };
		942CC1571E79AEC6004D3814 /* NSString+FCSString.m in Sources */ = {isa = PBXBuildFile; fileRef = 942CC14A1E79AEC6004D3814 /* NSString+FCSString.m */; };
		942CC1581E79AEC6004D3814 /* UIButton+FCSButton.m in Sources */ = {isa = PBXBuildFile; fileRef = 942CC14C1E79AEC6004D3814 /* UIButton+FCSButton.m */; };
		942CC1591E79AEC6004D3814 /* UIColor+FCSColor.m in Sources */ = {isa = PBXBuildFile; fileRef = 942CC14E1E79AEC6004D3814 /* UIColor+FCSColor.m */; };
		942CC15A1E79AEC6004D3814 /* UILabel+FCSLabel.m in Sources */ = {isa = PBXBuildFile; fileRef = 942CC1501E79AEC6004D3814 /* UILabel+FCSLabel.m */; };
		942CC15B1E79AEC6004D3814 /* UIViewController+FCSViewController.m in Sources */ = {isa = PBXBuildFile; fileRef = 942CC1521E79AEC6004D3814 /* UIViewController+FCSViewController.m */; };
		943761D51E7A1F7D0088714E /* ignore in Resources */ = {isa = PBXBuildFile; fileRef = 943761D41E7A1F7D0088714E /* ignore */; };
		943761D81E7A1FD00088714E /* QLMNetworkTools.m in Sources */ = {isa = PBXBuildFile; fileRef = 943761D71E7A1FD00088714E /* QLMNetworkTools.m */; };
		94691ED91E7B94FA008B00B7 /* ignore in Resources */ = {isa = PBXBuildFile; fileRef = 94691ED01E7B94FA008B00B7 /* ignore */; };
		94691EDA1E7B94FA008B00B7 /* QLMPlayListViewController.m in Sources */ = {isa = PBXBuildFile; fileRef = 94691ED21E7B94FA008B00B7 /* QLMPlayListViewController.m */; };
		94691EDB1E7B94FA008B00B7 /* QLMVoiceModel.m in Sources */ = {isa = PBXBuildFile; fileRef = 94691ED51E7B94FA008B00B7 /* QLMVoiceModel.m */; };
		94691EDC1E7B94FA008B00B7 /* QLMPlayingButton.m in Sources */ = {isa = PBXBuildFile; fileRef = 94691ED81E7B94FA008B00B7 /* QLMPlayingButton.m */; };
		94691EDF1E7B9515008B00B7 /* QLMBaseViewController.m in Sources */ = {isa = PBXBuildFile; fileRef = 94691EDE1E7B9515008B00B7 /* QLMBaseViewController.m */; };
		948A5CE51E793258006A595C /* main.m in Sources */ = {isa = PBXBuildFile; fileRef = 948A5CE41E793258006A595C /* main.m */; };
		948A5CE81E793258006A595C /* AppDelegate.m in Sources */ = {isa = PBXBuildFile; fileRef = 948A5CE71E793258006A595C /* AppDelegate.m */; };
		948A5CF01E793258006A595C /* Assets.xcassets in Resources */ = {isa = PBXBuildFile; fileRef = 948A5CEF1E793258006A595C /* Assets.xcassets */; };
		948A5CF31E793258006A595C /* LaunchScreen.storyboard in Resources */ = {isa = PBXBuildFile; fileRef = 948A5CF11E793258006A595C /* LaunchScreen.storyboard */; };
		94EBD0E31E7937D000F71272 /* ignore in Resources */ = {isa = PBXBuildFile; fileRef = 94EBD0AB1E7937D000F71272 /* ignore */; };
		94EBD0E41E7937D000F71272 /* ignore in Resources */ = {isa = PBXBuildFile; fileRef = 94EBD0AD1E7937D000F71272 /* ignore */; };
		94EBD0E51E7937D000F71272 /* ignore in Resources */ = {isa = PBXBuildFile; fileRef = 94EBD0AF1E7937D000F71272 /* ignore */; };
		94EBD0E61E7937D000F71272 /* ignore in Resources */ = {isa = PBXBuildFile; fileRef = 94EBD0B11E7937D000F71272 /* ignore */; };
		94EBD0E71E7937D000F71272 /* ignore in Resources */ = {isa = PBXBuildFile; fileRef = 94EBD0B41E7937D000F71272 /* ignore */; };
		94EBD0E81E7937D000F71272 /* ignore in Resources */ = {isa = PBXBuildFile; fileRef = 94EBD0B61E7937D000F71272 /* ignore */; };
		94EBD0E91E7937D000F71272 /* ignore in Resources */ = {isa = PBXBuildFile; fileRef = 94EBD0B81E7937D000F71272 /* ignore */; };
		94EBD0EA1E7937D000F71272 /* ignore in Resources */ = {isa = PBXBuildFile; fileRef = 94EBD0BA1E7937D000F71272 /* ignore */; };
		94EBD0EB1E7937D000F71272 /* ignore in Resources */ = {isa = PBXBuildFile; fileRef = 94EBD0BD1E7937D000F71272 /* ignore */; };
		94EBD0EC1E7937D000F71272 /* ignore in Resources */ = {isa = PBXBuildFile; fileRef = 94EBD0BF1E7937D000F71272 /* ignore */; };
		94EBD0ED1E7937D000F71272 /* ignore in Resources */ = {isa = PBXBuildFile; fileRef = 94EBD0C11E7937D000F71272 /* ignore */; };
		94EBD0EE1E7937D000F71272 /* ignore in Resources */ = {isa = PBXBuildFile; fileRef = 94EBD0C31E7937D000F71272 /* ignore */; };
		94EBD0F71E7937D000F71272 /* ignore in Resources */ = {isa = PBXBuildFile; fileRef = 94EBD0D81E7937D000F71272 /* ignore */; };
		94EBD0F81E7937D000F71272 /* ignore in Resources */ = {isa = PBXBuildFile; fileRef = 94EBD0DA1E7937D000F71272 /* ignore */; };
		94EBD0F91E7937D000F71272 /* ignore in Resources */ = {isa = PBXBuildFile; fileRef = 94EBD0DC1E7937D000F71272 /* ignore */; };
		94EBD0FA1E7937D000F71272 /* ignore in Resources */ = {isa = PBXBuildFile; fileRef = 94EBD0DE1E7937D000F71272 /* ignore */; };
		94EBD0FB1E7937D000F71272 /* ignore in Resources */ = {isa = PBXBuildFile; fileRef = 94EBD0E01E7937D000F71272 /* ignore */; };
		94EBD0FC1E7937D000F71272 /* ignore in Resources */ = {isa = PBXBuildFile; fileRef = 94EBD0E21E7937D000F71272 /* ignore */; };
		94EBD0FF1E79382C00F71272 /* QLMHomeViewController.m in Sources */ = {isa = PBXBuildFile; fileRef = 94EBD0FE1E79382C00F71272 /* QLMHomeViewController.m */; };
		94EBD1021E79384F00F71272 /* QLMLearnViewController.m in Sources */ = {isa = PBXBuildFile; fileRef = 94EBD1011E79384F00F71272 /* QLMLearnViewController.m */; };
		94EBD1051E79385C00F71272 /* QLMListenViewController.m in Sources */ = {isa = PBXBuildFile; fileRef = 94EBD1041E79385C00F71272 /* QLMListenViewController.m */; };
		94EBD1081E79386600F71272 /* QLMMineViewController.m in Sources */ = {isa = PBXBuildFile; fileRef = 94EBD1071E79386600F71272 /* QLMMineViewController.m */; };
		94EBD1131E7938BA00F71272 /* NSString+Hash.m in Sources */ = {isa = PBXBuildFile; fileRef = 94EBD1121E7938BA00F71272 /* NSString+Hash.m */; };
		94EBD11E1E79395600F71272 /* ignore in Resources */ = {isa = PBXBuildFile; fileRef = 94EBD1181E79395600F71272 /* ignore */; };
		94EBD11F1E79395600F71272 /* ignore in Resources */ = {isa = PBXBuildFile; fileRef = 94EBD11A1E79395600F71272 /* ignore */; };
		94EBD1201E79395600F71272 /* ignore in Resources */ = {isa = PBXBuildFile; fileRef = 94EBD11C1E79395600F71272 /* ignore */; };
		94EBD1231E79396000F71272 /* QLMFrameViewController.m in Sources */ = {isa = PBXBuildFile; fileRef = 94EBD1221E79396000F71272 /* QLMFrameViewController.m */; };
		94EBD1271E794E5D00F71272 /* QLMPurchasedViewController.m in Sources */ = {isa = PBXBuildFile; fileRef = 94EBD1261E794E5D00F71272 /* QLMPurchasedViewController.m */; };
		B279D78F1E7B7CD100504CFB /* QLMPurchasedContentController.m in Sources */ = {isa = PBXBuildFile; fileRef = B279D78E1E7B7CD100504CFB /* QLMPurchasedContentController.m */; };
		B279D7921E7B7F2F00504CFB /* QLMPurchasedCollectionViewCell.m in Sources */ = {isa = PBXBuildFile; fileRef = B279D7911E7B7F2F00504CFB /* QLMPurchasedCollectionViewCell.m */; };
		B279D7951E7B7F5E00504CFB /* QLMPurchasedTableViewCell.m in Sources */ = {isa = PBXBuildFile; fileRef = B279D7941E7B7F5E00504CFB /* QLMPurchasedTableViewCell.m */; };
		B279D7971E7B811F00504CFB /* PurchasedContentCell.xib in Resources */ = {isa = PBXBuildFile; fileRef = B279D7961E7B811F00504CFB /* PurchasedContentCell.xib */; };
		B279D7A31E7BC0ED00504CFB /* LDRefreshFooterView.m in Sources */ = {isa = PBXBuildFile; fileRef = B279D79C1E7BC0ED00504CFB /* LDRefreshFooterView.m */; };
		B279D7A41E7BC0ED00504CFB /* LDRefreshHeaderView.m in Sources */ = {isa = PBXBuildFile; fileRef = B279D79E1E7BC0ED00504CFB /* LDRefreshHeaderView.m */; };
		B279D7A51E7BC0ED00504CFB /* tableview_pull_refresh@2x.png in Resources */ = {isa = PBXBuildFile; fileRef = B279D79F1E7BC0ED00504CFB /* tableview_pull_refresh@2x.png */; };
		B279D7A61E7BC0ED00504CFB /* tableview_pull_refresh@3x.png in Resources */ = {isa = PBXBuildFile; fileRef = B279D7A01E7BC0ED00504CFB /* tableview_pull_refresh@3x.png */; };
		B279D7A71E7BC0ED00504CFB /* UIScrollView+LDRefresh.m in Sources */ = {isa = PBXBuildFile; fileRef = B279D7A21E7BC0ED00504CFB /* UIScrollView+LDRefresh.m */; };
		B27D9B421E7961CA00AD3739 /* QLMPurchasedModel.m in Sources */ = {isa = PBXBuildFile; fileRef = B27D9B411E7961CA00AD3739 /* QLMPurchasedModel.m */; };
		B27D9B451E7961FA00AD3739 /* QLMPurchasedLable.m in Sources */ = {isa = PBXBuildFile; fileRef = B27D9B441E7961FA00AD3739 /* QLMPurchasedLable.m */; };
		B27D9B481E79677500AD3739 /* QLMPurchasedFlowLayout.m in Sources */ = {isa = PBXBuildFile; fileRef = B27D9B471E79677500AD3739 /* QLMPurchasedFlowLayout.m */; };
		B27D9B4C1E79788700AD3739 /* purchase.json in Resources */ = {isa = PBXBuildFile; fileRef = B27D9B4B1E79788700AD3739 /* purchase.json */; };
		C4DC727F1E7BA9D900FCE208 /* QLMLearnDetailsTableViewController.m in Sources */ = {isa = PBXBuildFile; fileRef = C4DC727E1E7BA9D900FCE208 /* QLMLearnDetailsTableViewController.m */; };
		C4F06E191E7AC59C00C03CAD /* QLMLearnCollectionViewCell.m in Sources */ = {isa = PBXBuildFile; fileRef = C4F06E101E7AC59C00C03CAD /* QLMLearnCollectionViewCell.m */; };
		C4F06E1A1E7AC59C00C03CAD /* QLMLearnTableViewCell.m in Sources */ = {isa = PBXBuildFile; fileRef = C4F06E121E7AC59C00C03CAD /* QLMLearnTableViewCell.m */; };
		C4F06E1B1E7AC59C00C03CAD /* QLMLearnViewFlowLayout.m in Sources */ = {isa = PBXBuildFile; fileRef = C4F06E141E7AC59C00C03CAD /* QLMLearnViewFlowLayout.m */; };
		C4F06E1C1E7AC59C00C03CAD /* QLMNavBarView.m in Sources */ = {isa = PBXBuildFile; fileRef = C4F06E161E7AC59C00C03CAD /* QLMNavBarView.m */; };
		C4F06E1D1E7AC59C00C03CAD /* QLMPayedView.m in Sources */ = {isa = PBXBuildFile; fileRef = C4F06E181E7AC59C00C03CAD /* QLMPayedView.m */; };
		F1D6AD7847B84045BD787AAF /* libPods-Qomolangma.a in Frameworks */ = {isa = PBXBuildFile; fileRef = 50593058F9A508996A32D3E4 /* libPods-Qomolangma.a */; };
/* End PBXBuildFile section */

/* Begin PBXFileReference section */
		31631F151E7A62D10004952C /* QLMMineInfoCell.h */ = {isa = PBXFileReference; fileEncoding = 4; lastKnownFileType = sourcecode.c.h; path = QLMMineInfoCell.h; sourceTree = "<group>"; };
		31631F161E7A62D10004952C /* QLMMineInfoCell.m */ = {isa = PBXFileReference; fileEncoding = 4; lastKnownFileType = sourcecode.c.objc; path = QLMMineInfoCell.m; sourceTree = "<group>"; };
		31631F1B1E7A71AA0004952C /* QLMMineTopCell.h */ = {isa = PBXFileReference; fileEncoding = 4; lastKnownFileType = sourcecode.c.h; path = QLMMineTopCell.h; sourceTree = "<group>"; };
		31631F1C1E7A71AA0004952C /* QLMMineTopCell.m */ = {isa = PBXFileReference; fileEncoding = 4; lastKnownFileType = sourcecode.c.objc; path = QLMMineTopCell.m; sourceTree = "<group>"; };
		31631F2A1E7A8C850004952C /* QLMMineHeaderView.h */ = {isa = PBXFileReference; fileEncoding = 4; lastKnownFileType = sourcecode.c.h; path = QLMMineHeaderView.h; sourceTree = "<group>"; };
		31631F2B1E7A8C850004952C /* QLMMineHeaderView.m */ = {isa = PBXFileReference; fileEncoding = 4; lastKnownFileType = sourcecode.c.objc; path = QLMMineHeaderView.m; sourceTree = "<group>"; };
		31631F2D1E7A8CC70004952C /* QLMMineTableViewHeaderFooterView.h */ = {isa = PBXFileReference; fileEncoding = 4; lastKnownFileType = sourcecode.c.h; path = QLMMineTableViewHeaderFooterView.h; sourceTree = "<group>"; };
		31631F2E1E7A8CC70004952C /* QLMMineTableViewHeaderFooterView.m */ = {isa = PBXFileReference; fileEncoding = 4; lastKnownFileType = sourcecode.c.objc; path = QLMMineTableViewHeaderFooterView.m; sourceTree = "<group>"; };
		31631F351E7ABE990004952C /* QLMMineLoginSelectController.h */ = {isa = PBXFileReference; fileEncoding = 4; lastKnownFileType = sourcecode.c.h; path = QLMMineLoginSelectController.h; sourceTree = "<group>"; };
		31631F361E7ABE990004952C /* QLMMineLoginSelectController.m */ = {isa = PBXFileReference; fileEncoding = 4; lastKnownFileType = sourcecode.c.objc; path = QLMMineLoginSelectController.m; sourceTree = "<group>"; };
		316DC0D41E7BF4D20076BD9C /* QLMMineLoginController.h */ = {isa = PBXFileReference; fileEncoding = 4; lastKnownFileType = sourcecode.c.h; path = QLMMineLoginController.h; sourceTree = "<group>"; };
		316DC0D51E7BF4D20076BD9C /* QLMMineLoginController.m */ = {isa = PBXFileReference; fileEncoding = 4; lastKnownFileType = sourcecode.c.objc; path = QLMMineLoginController.m; sourceTree = "<group>"; };
		316DC0D61E7BF4D20076BD9C /* QLMMineRegisterController.h */ = {isa = PBXFileReference; fileEncoding = 4; lastKnownFileType = sourcecode.c.h; path = QLMMineRegisterController.h; sourceTree = "<group>"; };
		316DC0D71E7BF4D20076BD9C /* QLMMineRegisterController.m */ = {isa = PBXFileReference; fileEncoding = 4; lastKnownFileType = sourcecode.c.objc; path = QLMMineRegisterController.m; sourceTree = "<group>"; };
		31CCEA721E7979440077AE71 /* MineInformatiom.plist */ = {isa = PBXFileReference; fileEncoding = 4; lastKnownFileType = text.plist.xml; path = MineInformatiom.plist; sourceTree = "<group>"; };
		31CCEA741E7A37BE0077AE71 /* QLMMineInfoModel.h */ = {isa = PBXFileReference; fileEncoding = 4; lastKnownFileType = sourcecode.c.h; path = QLMMineInfoModel.h; sourceTree = "<group>"; };
		31CCEA751E7A37BE0077AE71 /* QLMMineInfoModel.m */ = {isa = PBXFileReference; fileEncoding = 4; lastKnownFileType = sourcecode.c.objc; path = QLMMineInfoModel.m; sourceTree = "<group>"; };
		3F9EEF78AF999A9FC3CBA96E /* Pods-Qomolangma.debug.xcconfig */ = {isa = PBXFileReference; includeInIndex = 1; lastKnownFileType = text.xcconfig; name = "Pods-Qomolangma.debug.xcconfig"; path = "Pods/Target Support Files/Pods-Qomolangma/Pods-Qomolangma.debug.xcconfig"; sourceTree = "<group>"; };
		435D27B31E7B96EB008A41FA /* QLMRankingDataTableViewCell.h */ = {isa = PBXFileReference; fileEncoding = 4; lastKnownFileType = sourcecode.c.h; path = QLMRankingDataTableViewCell.h; sourceTree = "<group>"; };
		435D27B41E7B96EB008A41FA /* QLMRankingDataTableViewCell.m */ = {isa = PBXFileReference; fileEncoding = 4; lastKnownFileType = sourcecode.c.objc; path = QLMRankingDataTableViewCell.m; sourceTree = "<group>"; };
		43EA26711E7ACA9700380226 /* QLMEverydayBook.h */ = {isa = PBXFileReference; fileEncoding = 4; lastKnownFileType = sourcecode.c.h; path = QLMEverydayBook.h; sourceTree = "<group>"; };
		43EA26721E7ACA9700380226 /* QLMEverydayBook.m */ = {isa = PBXFileReference; fileEncoding = 4; lastKnownFileType = sourcecode.c.objc; path = QLMEverydayBook.m; sourceTree = "<group>"; };
		43EA26731E7ACA9700380226 /* QLMFreeAudio.h */ = {isa = PBXFileReference; fileEncoding = 4; lastKnownFileType = sourcecode.c.h; path = QLMFreeAudio.h; sourceTree = "<group>"; };
		43EA26741E7ACA9700380226 /* QLMFreeAudio.m */ = {isa = PBXFileReference; fileEncoding = 4; lastKnownFileType = sourcecode.c.objc; path = QLMFreeAudio.m; sourceTree = "<group>"; };
		43EA26771E7ACA9700380226 /* QLMRankingData.h */ = {isa = PBXFileReference; fileEncoding = 4; lastKnownFileType = sourcecode.c.h; path = QLMRankingData.h; sourceTree = "<group>"; };
		43EA26781E7ACA9700380226 /* QLMRankingData.m */ = {isa = PBXFileReference; fileEncoding = 4; lastKnownFileType = sourcecode.c.objc; path = QLMRankingData.m; sourceTree = "<group>"; };
		43EA26791E7ACA9700380226 /* QLMRecommend.h */ = {isa = PBXFileReference; fileEncoding = 4; lastKnownFileType = sourcecode.c.h; path = QLMRecommend.h; sourceTree = "<group>"; };
		43EA267A1E7ACA9700380226 /* QLMRecommend.m */ = {isa = PBXFileReference; fileEncoding = 4; lastKnownFileType = sourcecode.c.objc; path = QLMRecommend.m; sourceTree = "<group>"; };
		43EA267B1E7ACA9700380226 /* QLMSpecialColumn.h */ = {isa = PBXFileReference; fileEncoding = 4; lastKnownFileType = sourcecode.c.h; path = QLMSpecialColumn.h; sourceTree = "<group>"; };
		43EA267C1E7ACA9700380226 /* QLMSpecialColumn.m */ = {isa = PBXFileReference; fileEncoding = 4; lastKnownFileType = sourcecode.c.objc; path = QLMSpecialColumn.m; sourceTree = "<group>"; };
		43EA26831E7ACAA800380226 /* QLMEverydayBookTableViewCell.h */ = {isa = PBXFileReference; fileEncoding = 4; lastKnownFileType = sourcecode.c.h; path = QLMEverydayBookTableViewCell.h; sourceTree = "<group>"; };
		43EA26841E7ACAA800380226 /* QLMEverydayBookTableViewCell.m */ = {isa = PBXFileReference; fileEncoding = 4; lastKnownFileType = sourcecode.c.objc; path = QLMEverydayBookTableViewCell.m; sourceTree = "<group>"; };
		43EA26851E7ACAA800380226 /* QLMHeadCell.h */ = {isa = PBXFileReference; fileEncoding = 4; lastKnownFileType = sourcecode.c.h; path = QLMHeadCell.h; sourceTree = "<group>"; };
		43EA26861E7ACAA800380226 /* QLMHeadCell.m */ = {isa = PBXFileReference; fileEncoding = 4; lastKnownFileType = sourcecode.c.objc; path = QLMHeadCell.m; sourceTree = "<group>"; };
		43EA26871E7ACAA800380226 /* QLMHeadFlowLayout.h */ = {isa = PBXFileReference; fileEncoding = 4; lastKnownFileType = sourcecode.c.h; path = QLMHeadFlowLayout.h; sourceTree = "<group>"; };
		43EA26881E7ACAA800380226 /* QLMHeadFlowLayout.m */ = {isa = PBXFileReference; fileEncoding = 4; lastKnownFileType = sourcecode.c.objc; path = QLMHeadFlowLayout.m; sourceTree = "<group>"; };
		43EA26891E7ACAA800380226 /* QLMheadView.h */ = {isa = PBXFileReference; fileEncoding = 4; lastKnownFileType = sourcecode.c.h; path = QLMheadView.h; sourceTree = "<group>"; };
		43EA268A1E7ACAA800380226 /* QLMheadView.m */ = {isa = PBXFileReference; fileEncoding = 4; lastKnownFileType = sourcecode.c.objc; path = QLMheadView.m; sourceTree = "<group>"; };
		50593058F9A508996A32D3E4 /* libPods-Qomolangma.a */ = {isa = PBXFileReference; explicitFileType = archive.ar; includeInIndex = 0; path = "libPods-Qomolangma.a"; sourceTree = BUILT_PRODUCTS_DIR; };
		742B4AF91CA908E0FB52156F /* Pods-Qomolangma.release.xcconfig */ = {isa = PBXFileReference; includeInIndex = 1; lastKnownFileType = text.xcconfig; name = "Pods-Qomolangma.release.xcconfig"; path = "Pods/Target Support Files/Pods-Qomolangma/Pods-Qomolangma.release.xcconfig"; sourceTree = "<group>"; };
		942CC1401E79AEC6004D3814 /* FCSCommon.h */ = {isa = PBXFileReference; fileEncoding = 4; lastKnownFileType = sourcecode.c.h; path = FCSCommon.h; sourceTree = "<group>"; };
		942CC1411E79AEC6004D3814 /* NSArray+FCSArray.h */ = {isa = PBXFileReference; fileEncoding = 4; lastKnownFileType = sourcecode.c.h; path = "NSArray+FCSArray.h"; sourceTree = "<group>"; };
		942CC1421E79AEC6004D3814 /* NSArray+FCSArray.m */ = {isa = PBXFileReference; fileEncoding = 4; lastKnownFileType = sourcecode.c.objc; path = "NSArray+FCSArray.m"; sourceTree = "<group>"; };
		942CC1431E79AEC6004D3814 /* NSAttributedString+FCSAttributedString.h */ = {isa = PBXFileReference; fileEncoding = 4; lastKnownFileType = sourcecode.c.h; path = "NSAttributedString+FCSAttributedString.h"; sourceTree = "<group>"; };
		942CC1441E79AEC6004D3814 /* NSAttributedString+FCSAttributedString.m */ = {isa = PBXFileReference; fileEncoding = 4; lastKnownFileType = sourcecode.c.objc; path = "NSAttributedString+FCSAttributedString.m"; sourceTree = "<group>"; };
		942CC1451E79AEC6004D3814 /* NSDictionary+FCSDictionary.h */ = {isa = PBXFileReference; fileEncoding = 4; lastKnownFileType = sourcecode.c.h; path = "NSDictionary+FCSDictionary.h"; sourceTree = "<group>"; };
		942CC1461E79AEC6004D3814 /* NSDictionary+FCSDictionary.m */ = {isa = PBXFileReference; fileEncoding = 4; lastKnownFileType = sourcecode.c.objc; path = "NSDictionary+FCSDictionary.m"; sourceTree = "<group>"; };
		942CC1471E79AEC6004D3814 /* NSObject+FCSObject.h */ = {isa = PBXFileReference; fileEncoding = 4; lastKnownFileType = sourcecode.c.h; path = "NSObject+FCSObject.h"; sourceTree = "<group>"; };
		942CC1481E79AEC6004D3814 /* NSObject+FCSObject.m */ = {isa = PBXFileReference; fileEncoding = 4; lastKnownFileType = sourcecode.c.objc; path = "NSObject+FCSObject.m"; sourceTree = "<group>"; };
		942CC1491E79AEC6004D3814 /* NSString+FCSString.h */ = {isa = PBXFileReference; fileEncoding = 4; lastKnownFileType = sourcecode.c.h; path = "NSString+FCSString.h"; sourceTree = "<group>"; };
		942CC14A1E79AEC6004D3814 /* NSString+FCSString.m */ = {isa = PBXFileReference; fileEncoding = 4; lastKnownFileType = sourcecode.c.objc; path = "NSString+FCSString.m"; sourceTree = "<group>"; };
		942CC14B1E79AEC6004D3814 /* UIButton+FCSButton.h */ = {isa = PBXFileReference; fileEncoding = 4; lastKnownFileType = sourcecode.c.h; path = "UIButton+FCSButton.h"; sourceTree = "<group>"; };
		942CC14C1E79AEC6004D3814 /* UIButton+FCSButton.m */ = {isa = PBXFileReference; fileEncoding = 4; lastKnownFileType = sourcecode.c.objc; path = "UIButton+FCSButton.m"; sourceTree = "<group>"; };
		942CC14D1E79AEC6004D3814 /* UIColor+FCSColor.h */ = {isa = PBXFileReference; fileEncoding = 4; lastKnownFileType = sourcecode.c.h; path = "UIColor+FCSColor.h"; sourceTree = "<group>"; };
		942CC14E1E79AEC6004D3814 /* UIColor+FCSColor.m */ = {isa = PBXFileReference; fileEncoding = 4; lastKnownFileType = sourcecode.c.objc; path = "UIColor+FCSColor.m"; sourceTree = "<group>"; };
		942CC14F1E79AEC6004D3814 /* UILabel+FCSLabel.h */ = {isa = PBXFileReference; fileEncoding = 4; lastKnownFileType = sourcecode.c.h; path = "UILabel+FCSLabel.h"; sourceTree = "<group>"; };
		942CC1501E79AEC6004D3814 /* UILabel+FCSLabel.m */ = {isa = PBXFileReference; fileEncoding = 4; lastKnownFileType = sourcecode.c.objc; path = "UILabel+FCSLabel.m"; sourceTree = "<group>"; };
		942CC1511E79AEC6004D3814 /* UIViewController+FCSViewController.h */ = {isa = PBXFileReference; fileEncoding = 4; lastKnownFileType = sourcecode.c.h; path = "UIViewController+FCSViewController.h"; sourceTree = "<group>"; };
		942CC1521E79AEC6004D3814 /* UIViewController+FCSViewController.m */ = {isa = PBXFileReference; fileEncoding = 4; lastKnownFileType = sourcecode.c.objc; path = "UIViewController+FCSViewController.m"; sourceTree = "<group>"; };
		943761D41E7A1F7D0088714E /* ignore */ = {isa = PBXFileReference; fileEncoding = 4; lastKnownFileType = text; path = ignore; sourceTree = "<group>"; };
		943761D61E7A1FD00088714E /* QLMNetworkTools.h */ = {isa = PBXFileReference; fileEncoding = 4; lastKnownFileType = sourcecode.c.h; path = QLMNetworkTools.h; sourceTree = "<group>"; };
		943761D71E7A1FD00088714E /* QLMNetworkTools.m */ = {isa = PBXFileReference; fileEncoding = 4; lastKnownFileType = sourcecode.c.objc; path = QLMNetworkTools.m; sourceTree = "<group>"; };
		94691ED01E7B94FA008B00B7 /* ignore */ = {isa = PBXFileReference; fileEncoding = 4; lastKnownFileType = text; path = ignore; sourceTree = "<group>"; };
		94691ED11E7B94FA008B00B7 /* QLMPlayListViewController.h */ = {isa = PBXFileReference; fileEncoding = 4; lastKnownFileType = sourcecode.c.h; path = QLMPlayListViewController.h; sourceTree = "<group>"; };
		94691ED21E7B94FA008B00B7 /* QLMPlayListViewController.m */ = {isa = PBXFileReference; fileEncoding = 4; lastKnownFileType = sourcecode.c.objc; path = QLMPlayListViewController.m; sourceTree = "<group>"; };
		94691ED41E7B94FA008B00B7 /* QLMVoiceModel.h */ = {isa = PBXFileReference; fileEncoding = 4; lastKnownFileType = sourcecode.c.h; path = QLMVoiceModel.h; sourceTree = "<group>"; };
		94691ED51E7B94FA008B00B7 /* QLMVoiceModel.m */ = {isa = PBXFileReference; fileEncoding = 4; lastKnownFileType = sourcecode.c.objc; path = QLMVoiceModel.m; sourceTree = "<group>"; };
		94691ED71E7B94FA008B00B7 /* QLMPlayingButton.h */ = {isa = PBXFileReference; fileEncoding = 4; lastKnownFileType = sourcecode.c.h; path = QLMPlayingButton.h; sourceTree = "<group>"; };
		94691ED81E7B94FA008B00B7 /* QLMPlayingButton.m */ = {isa = PBXFileReference; fileEncoding = 4; lastKnownFileType = sourcecode.c.objc; path = QLMPlayingButton.m; sourceTree = "<group>"; };
		94691EDD1E7B9515008B00B7 /* QLMBaseViewController.h */ = {isa = PBXFileReference; fileEncoding = 4; lastKnownFileType = sourcecode.c.h; path = QLMBaseViewController.h; sourceTree = "<group>"; };
		94691EDE1E7B9515008B00B7 /* QLMBaseViewController.m */ = {isa = PBXFileReference; fileEncoding = 4; lastKnownFileType = sourcecode.c.objc; path = QLMBaseViewController.m; sourceTree = "<group>"; };
		948A5CE01E793258006A595C /* Qomolangma.app */ = {isa = PBXFileReference; explicitFileType = wrapper.application; includeInIndex = 0; path = Qomolangma.app; sourceTree = BUILT_PRODUCTS_DIR; };
		948A5CE41E793258006A595C /* main.m */ = {isa = PBXFileReference; lastKnownFileType = sourcecode.c.objc; path = main.m; sourceTree = "<group>"; };
		948A5CE61E793258006A595C /* AppDelegate.h */ = {isa = PBXFileReference; lastKnownFileType = sourcecode.c.h; path = AppDelegate.h; sourceTree = "<group>"; };
		948A5CE71E793258006A595C /* AppDelegate.m */ = {isa = PBXFileReference; lastKnownFileType = sourcecode.c.objc; path = AppDelegate.m; sourceTree = "<group>"; };
		948A5CEF1E793258006A595C /* Assets.xcassets */ = {isa = PBXFileReference; lastKnownFileType = folder.assetcatalog; path = Assets.xcassets; sourceTree = "<group>"; };
		948A5CF21E793258006A595C /* Base */ = {isa = PBXFileReference; lastKnownFileType = file.storyboard; name = Base; path = Base.lproj/LaunchScreen.storyboard; sourceTree = "<group>"; };
		948A5CF41E793258006A595C /* Info.plist */ = {isa = PBXFileReference; lastKnownFileType = text.plist.xml; path = Info.plist; sourceTree = "<group>"; };
		94EBD0AB1E7937D000F71272 /* ignore */ = {isa = PBXFileReference; fileEncoding = 4; lastKnownFileType = text; path = ignore; sourceTree = "<group>"; };
		94EBD0AD1E7937D000F71272 /* ignore */ = {isa = PBXFileReference; fileEncoding = 4; lastKnownFileType = text; path = ignore; sourceTree = "<group>"; };
		94EBD0AF1E7937D000F71272 /* ignore */ = {isa = PBXFileReference; fileEncoding = 4; lastKnownFileType = text; path = ignore; sourceTree = "<group>"; };
		94EBD0B11E7937D000F71272 /* ignore */ = {isa = PBXFileReference; fileEncoding = 4; lastKnownFileType = text; path = ignore; sourceTree = "<group>"; };
		94EBD0B41E7937D000F71272 /* ignore */ = {isa = PBXFileReference; fileEncoding = 4; lastKnownFileType = text; path = ignore; sourceTree = "<group>"; };
		94EBD0B61E7937D000F71272 /* ignore */ = {isa = PBXFileReference; fileEncoding = 4; lastKnownFileType = text; path = ignore; sourceTree = "<group>"; };
		94EBD0B81E7937D000F71272 /* ignore */ = {isa = PBXFileReference; fileEncoding = 4; lastKnownFileType = text; path = ignore; sourceTree = "<group>"; };
		94EBD0BA1E7937D000F71272 /* ignore */ = {isa = PBXFileReference; fileEncoding = 4; lastKnownFileType = text; path = ignore; sourceTree = "<group>"; };
		94EBD0BD1E7937D000F71272 /* ignore */ = {isa = PBXFileReference; fileEncoding = 4; lastKnownFileType = text; path = ignore; sourceTree = "<group>"; };
		94EBD0BF1E7937D000F71272 /* ignore */ = {isa = PBXFileReference; fileEncoding = 4; lastKnownFileType = text; path = ignore; sourceTree = "<group>"; };
		94EBD0C11E7937D000F71272 /* ignore */ = {isa = PBXFileReference; fileEncoding = 4; lastKnownFileType = text; path = ignore; sourceTree = "<group>"; };
		94EBD0C31E7937D000F71272 /* ignore */ = {isa = PBXFileReference; fileEncoding = 4; lastKnownFileType = text; path = ignore; sourceTree = "<group>"; };
		94EBD0D81E7937D000F71272 /* ignore */ = {isa = PBXFileReference; fileEncoding = 4; lastKnownFileType = text; path = ignore; sourceTree = "<group>"; };
		94EBD0DA1E7937D000F71272 /* ignore */ = {isa = PBXFileReference; fileEncoding = 4; lastKnownFileType = text; path = ignore; sourceTree = "<group>"; };
		94EBD0DC1E7937D000F71272 /* ignore */ = {isa = PBXFileReference; fileEncoding = 4; lastKnownFileType = text; path = ignore; sourceTree = "<group>"; };
		94EBD0DE1E7937D000F71272 /* ignore */ = {isa = PBXFileReference; fileEncoding = 4; lastKnownFileType = text; path = ignore; sourceTree = "<group>"; };
		94EBD0E01E7937D000F71272 /* ignore */ = {isa = PBXFileReference; fileEncoding = 4; lastKnownFileType = text; path = ignore; sourceTree = "<group>"; };
		94EBD0E21E7937D000F71272 /* ignore */ = {isa = PBXFileReference; fileEncoding = 4; lastKnownFileType = text; path = ignore; sourceTree = "<group>"; };
		94EBD0FD1E79382C00F71272 /* QLMHomeViewController.h */ = {isa = PBXFileReference; fileEncoding = 4; lastKnownFileType = sourcecode.c.h; path = QLMHomeViewController.h; sourceTree = "<group>"; };
		94EBD0FE1E79382C00F71272 /* QLMHomeViewController.m */ = {isa = PBXFileReference; fileEncoding = 4; lastKnownFileType = sourcecode.c.objc; path = QLMHomeViewController.m; sourceTree = "<group>"; };
		94EBD1001E79384F00F71272 /* QLMLearnViewController.h */ = {isa = PBXFileReference; fileEncoding = 4; lastKnownFileType = sourcecode.c.h; path = QLMLearnViewController.h; sourceTree = "<group>"; };
		94EBD1011E79384F00F71272 /* QLMLearnViewController.m */ = {isa = PBXFileReference; fileEncoding = 4; lastKnownFileType = sourcecode.c.objc; path = QLMLearnViewController.m; sourceTree = "<group>"; };
		94EBD1031E79385C00F71272 /* QLMListenViewController.h */ = {isa = PBXFileReference; fileEncoding = 4; lastKnownFileType = sourcecode.c.h; path = QLMListenViewController.h; sourceTree = "<group>"; };
		94EBD1041E79385C00F71272 /* QLMListenViewController.m */ = {isa = PBXFileReference; fileEncoding = 4; lastKnownFileType = sourcecode.c.objc; path = QLMListenViewController.m; sourceTree = "<group>"; };
		94EBD1061E79386600F71272 /* QLMMineViewController.h */ = {isa = PBXFileReference; fileEncoding = 4; lastKnownFileType = sourcecode.c.h; path = QLMMineViewController.h; sourceTree = "<group>"; };
		94EBD1071E79386600F71272 /* QLMMineViewController.m */ = {isa = PBXFileReference; fileEncoding = 4; lastKnownFileType = sourcecode.c.objc; path = QLMMineViewController.m; sourceTree = "<group>"; };
		94EBD1111E7938BA00F71272 /* NSString+Hash.h */ = {isa = PBXFileReference; fileEncoding = 4; lastKnownFileType = sourcecode.c.h; path = "NSString+Hash.h"; sourceTree = "<group>"; };
		94EBD1121E7938BA00F71272 /* NSString+Hash.m */ = {isa = PBXFileReference; fileEncoding = 4; lastKnownFileType = sourcecode.c.objc; path = "NSString+Hash.m"; sourceTree = "<group>"; };
		94EBD1181E79395600F71272 /* ignore */ = {isa = PBXFileReference; fileEncoding = 4; lastKnownFileType = text; path = ignore; sourceTree = "<group>"; };
		94EBD11A1E79395600F71272 /* ignore */ = {isa = PBXFileReference; fileEncoding = 4; lastKnownFileType = text; path = ignore; sourceTree = "<group>"; };
		94EBD11C1E79395600F71272 /* ignore */ = {isa = PBXFileReference; fileEncoding = 4; lastKnownFileType = text; path = ignore; sourceTree = "<group>"; };
		94EBD1211E79396000F71272 /* QLMFrameViewController.h */ = {isa = PBXFileReference; fileEncoding = 4; lastKnownFileType = sourcecode.c.h; path = QLMFrameViewController.h; sourceTree = "<group>"; };
		94EBD1221E79396000F71272 /* QLMFrameViewController.m */ = {isa = PBXFileReference; fileEncoding = 4; lastKnownFileType = sourcecode.c.objc; path = QLMFrameViewController.m; sourceTree = "<group>"; };
		94EBD1241E793A3A00F71272 /* PrefixHeader.pch */ = {isa = PBXFileReference; lastKnownFileType = sourcecode.c.h; path = PrefixHeader.pch; sourceTree = "<group>"; };
		94EBD1251E794E5D00F71272 /* QLMPurchasedViewController.h */ = {isa = PBXFileReference; fileEncoding = 4; lastKnownFileType = sourcecode.c.h; path = QLMPurchasedViewController.h; sourceTree = "<group>"; };
		94EBD1261E794E5D00F71272 /* QLMPurchasedViewController.m */ = {isa = PBXFileReference; fileEncoding = 4; lastKnownFileType = sourcecode.c.objc; path = QLMPurchasedViewController.m; sourceTree = "<group>"; };
		B279D78D1E7B7CD100504CFB /* QLMPurchasedContentController.h */ = {isa = PBXFileReference; fileEncoding = 4; lastKnownFileType = sourcecode.c.h; path = QLMPurchasedContentController.h; sourceTree = "<group>"; };
		B279D78E1E7B7CD100504CFB /* QLMPurchasedContentController.m */ = {isa = PBXFileReference; fileEncoding = 4; lastKnownFileType = sourcecode.c.objc; path = QLMPurchasedContentController.m; sourceTree = "<group>"; };
		B279D7901E7B7F2E00504CFB /* QLMPurchasedCollectionViewCell.h */ = {isa = PBXFileReference; fileEncoding = 4; lastKnownFileType = sourcecode.c.h; path = QLMPurchasedCollectionViewCell.h; sourceTree = "<group>"; };
		B279D7911E7B7F2F00504CFB /* QLMPurchasedCollectionViewCell.m */ = {isa = PBXFileReference; fileEncoding = 4; lastKnownFileType = sourcecode.c.objc; path = QLMPurchasedCollectionViewCell.m; sourceTree = "<group>"; };
		B279D7931E7B7F5E00504CFB /* QLMPurchasedTableViewCell.h */ = {isa = PBXFileReference; fileEncoding = 4; lastKnownFileType = sourcecode.c.h; path = QLMPurchasedTableViewCell.h; sourceTree = "<group>"; };
		B279D7941E7B7F5E00504CFB /* QLMPurchasedTableViewCell.m */ = {isa = PBXFileReference; fileEncoding = 4; lastKnownFileType = sourcecode.c.objc; path = QLMPurchasedTableViewCell.m; sourceTree = "<group>"; };
		B279D7961E7B811F00504CFB /* PurchasedContentCell.xib */ = {isa = PBXFileReference; fileEncoding = 4; lastKnownFileType = file.xib; path = PurchasedContentCell.xib; sourceTree = "<group>"; };
		B279D79A1E7BC0ED00504CFB /* LDRefresh.h */ = {isa = PBXFileReference; fileEncoding = 4; lastKnownFileType = sourcecode.c.h; path = LDRefresh.h; sourceTree = "<group>"; };
		B279D79B1E7BC0ED00504CFB /* LDRefreshFooterView.h */ = {isa = PBXFileReference; fileEncoding = 4; lastKnownFileType = sourcecode.c.h; path = LDRefreshFooterView.h; sourceTree = "<group>"; };
		B279D79C1E7BC0ED00504CFB /* LDRefreshFooterView.m */ = {isa = PBXFileReference; fileEncoding = 4; lastKnownFileType = sourcecode.c.objc; path = LDRefreshFooterView.m; sourceTree = "<group>"; };
		B279D79D1E7BC0ED00504CFB /* LDRefreshHeaderView.h */ = {isa = PBXFileReference; fileEncoding = 4; lastKnownFileType = sourcecode.c.h; path = LDRefreshHeaderView.h; sourceTree = "<group>"; };
		B279D79E1E7BC0ED00504CFB /* LDRefreshHeaderView.m */ = {isa = PBXFileReference; fileEncoding = 4; lastKnownFileType = sourcecode.c.objc; path = LDRefreshHeaderView.m; sourceTree = "<group>"; };
		B279D79F1E7BC0ED00504CFB /* tableview_pull_refresh@2x.png */ = {isa = PBXFileReference; lastKnownFileType = image.png; path = "tableview_pull_refresh@2x.png"; sourceTree = "<group>"; };
		B279D7A01E7BC0ED00504CFB /* tableview_pull_refresh@3x.png */ = {isa = PBXFileReference; lastKnownFileType = image.png; path = "tableview_pull_refresh@3x.png"; sourceTree = "<group>"; };
		B279D7A11E7BC0ED00504CFB /* UIScrollView+LDRefresh.h */ = {isa = PBXFileReference; fileEncoding = 4; lastKnownFileType = sourcecode.c.h; path = "UIScrollView+LDRefresh.h"; sourceTree = "<group>"; };
		B279D7A21E7BC0ED00504CFB /* UIScrollView+LDRefresh.m */ = {isa = PBXFileReference; fileEncoding = 4; lastKnownFileType = sourcecode.c.objc; path = "UIScrollView+LDRefresh.m"; sourceTree = "<group>"; };
		B27D9B401E7961CA00AD3739 /* QLMPurchasedModel.h */ = {isa = PBXFileReference; fileEncoding = 4; lastKnownFileType = sourcecode.c.h; path = QLMPurchasedModel.h; sourceTree = "<group>"; };
		B27D9B411E7961CA00AD3739 /* QLMPurchasedModel.m */ = {isa = PBXFileReference; fileEncoding = 4; lastKnownFileType = sourcecode.c.objc; path = QLMPurchasedModel.m; sourceTree = "<group>"; };
		B27D9B431E7961FA00AD3739 /* QLMPurchasedLable.h */ = {isa = PBXFileReference; fileEncoding = 4; lastKnownFileType = sourcecode.c.h; path = QLMPurchasedLable.h; sourceTree = "<group>"; };
		B27D9B441E7961FA00AD3739 /* QLMPurchasedLable.m */ = {isa = PBXFileReference; fileEncoding = 4; lastKnownFileType = sourcecode.c.objc; path = QLMPurchasedLable.m; sourceTree = "<group>"; };
		B27D9B461E79677500AD3739 /* QLMPurchasedFlowLayout.h */ = {isa = PBXFileReference; fileEncoding = 4; lastKnownFileType = sourcecode.c.h; path = QLMPurchasedFlowLayout.h; sourceTree = "<group>"; };
		B27D9B471E79677500AD3739 /* QLMPurchasedFlowLayout.m */ = {isa = PBXFileReference; fileEncoding = 4; lastKnownFileType = sourcecode.c.objc; path = QLMPurchasedFlowLayout.m; sourceTree = "<group>"; };
		B27D9B4B1E79788700AD3739 /* purchase.json */ = {isa = PBXFileReference; fileEncoding = 4; lastKnownFileType = text.json; path = purchase.json; sourceTree = "<group>"; };
		C4DC727D1E7BA9D900FCE208 /* QLMLearnDetailsTableViewController.h */ = {isa = PBXFileReference; fileEncoding = 4; lastKnownFileType = sourcecode.c.h; path = QLMLearnDetailsTableViewController.h; sourceTree = "<group>"; };
		C4DC727E1E7BA9D900FCE208 /* QLMLearnDetailsTableViewController.m */ = {isa = PBXFileReference; fileEncoding = 4; lastKnownFileType = sourcecode.c.objc; path = QLMLearnDetailsTableViewController.m; sourceTree = "<group>"; };
		C4F06E0F1E7AC59C00C03CAD /* QLMLearnCollectionViewCell.h */ = {isa = PBXFileReference; fileEncoding = 4; lastKnownFileType = sourcecode.c.h; path = QLMLearnCollectionViewCell.h; sourceTree = "<group>"; };
		C4F06E101E7AC59C00C03CAD /* QLMLearnCollectionViewCell.m */ = {isa = PBXFileReference; fileEncoding = 4; lastKnownFileType = sourcecode.c.objc; path = QLMLearnCollectionViewCell.m; sourceTree = "<group>"; };
		C4F06E111E7AC59C00C03CAD /* QLMLearnTableViewCell.h */ = {isa = PBXFileReference; fileEncoding = 4; lastKnownFileType = sourcecode.c.h; path = QLMLearnTableViewCell.h; sourceTree = "<group>"; };
		C4F06E121E7AC59C00C03CAD /* QLMLearnTableViewCell.m */ = {isa = PBXFileReference; fileEncoding = 4; lastKnownFileType = sourcecode.c.objc; path = QLMLearnTableViewCell.m; sourceTree = "<group>"; };
		C4F06E131E7AC59C00C03CAD /* QLMLearnViewFlowLayout.h */ = {isa = PBXFileReference; fileEncoding = 4; lastKnownFileType = sourcecode.c.h; path = QLMLearnViewFlowLayout.h; sourceTree = "<group>"; };
		C4F06E141E7AC59C00C03CAD /* QLMLearnViewFlowLayout.m */ = {isa = PBXFileReference; fileEncoding = 4; lastKnownFileType = sourcecode.c.objc; path = QLMLearnViewFlowLayout.m; sourceTree = "<group>"; };
		C4F06E151E7AC59C00C03CAD /* QLMNavBarView.h */ = {isa = PBXFileReference; fileEncoding = 4; lastKnownFileType = sourcecode.c.h; path = QLMNavBarView.h; sourceTree = "<group>"; };
		C4F06E161E7AC59C00C03CAD /* QLMNavBarView.m */ = {isa = PBXFileReference; fileEncoding = 4; lastKnownFileType = sourcecode.c.objc; path = QLMNavBarView.m; sourceTree = "<group>"; };
		C4F06E171E7AC59C00C03CAD /* QLMPayedView.h */ = {isa = PBXFileReference; fileEncoding = 4; lastKnownFileType = sourcecode.c.h; path = QLMPayedView.h; sourceTree = "<group>"; };
		C4F06E181E7AC59C00C03CAD /* QLMPayedView.m */ = {isa = PBXFileReference; fileEncoding = 4; lastKnownFileType = sourcecode.c.objc; path = QLMPayedView.m; sourceTree = "<group>"; };
/* End PBXFileReference section */

/* Begin PBXFrameworksBuildPhase section */
		948A5CDD1E793258006A595C /* Frameworks */ = {
			isa = PBXFrameworksBuildPhase;
			buildActionMask = 2147483647;
			files = (
				F1D6AD7847B84045BD787AAF /* libPods-Qomolangma.a in Frameworks */,
			);
			runOnlyForDeploymentPostprocessing = 0;
		};
/* End PBXFrameworksBuildPhase section */

/* Begin PBXGroup section */
		17F73B214B87C588CBF62567 /* Frameworks */ = {
			isa = PBXGroup;
			children = (
				50593058F9A508996A32D3E4 /* libPods-Qomolangma.a */,
			);
			name = Frameworks;
			sourceTree = "<group>";
		};
		31631F301E7ABD8D0004952C /* Classes */ = {
			isa = PBXGroup;
			children = (
				31631F341E7ABDD80004952C /* Login */,
			);
			path = Classes;
			sourceTree = "<group>";
		};
		31631F341E7ABDD80004952C /* Login */ = {
			isa = PBXGroup;
			children = (
				316DC0D41E7BF4D20076BD9C /* QLMMineLoginController.h */,
				316DC0D51E7BF4D20076BD9C /* QLMMineLoginController.m */,
				316DC0D61E7BF4D20076BD9C /* QLMMineRegisterController.h */,
				316DC0D71E7BF4D20076BD9C /* QLMMineRegisterController.m */,
				31631F351E7ABE990004952C /* QLMMineLoginSelectController.h */,
				31631F361E7ABE990004952C /* QLMMineLoginSelectController.m */,
			);
			path = Login;
			sourceTree = "<group>";
		};
		755932C18F0E01042E891276 /* Pods */ = {
			isa = PBXGroup;
			children = (
				3F9EEF78AF999A9FC3CBA96E /* Pods-Qomolangma.debug.xcconfig */,
				742B4AF91CA908E0FB52156F /* Pods-Qomolangma.release.xcconfig */,
			);
			name = Pods;
			sourceTree = "<group>";
		};
		942CC13F1E79AEC6004D3814 /* FCSCommon */ = {
			isa = PBXGroup;
			children = (
				942CC1401E79AEC6004D3814 /* FCSCommon.h */,
				942CC1411E79AEC6004D3814 /* NSArray+FCSArray.h */,
				942CC1421E79AEC6004D3814 /* NSArray+FCSArray.m */,
				942CC1431E79AEC6004D3814 /* NSAttributedString+FCSAttributedString.h */,
				942CC1441E79AEC6004D3814 /* NSAttributedString+FCSAttributedString.m */,
				942CC1451E79AEC6004D3814 /* NSDictionary+FCSDictionary.h */,
				942CC1461E79AEC6004D3814 /* NSDictionary+FCSDictionary.m */,
				942CC1471E79AEC6004D3814 /* NSObject+FCSObject.h */,
				942CC1481E79AEC6004D3814 /* NSObject+FCSObject.m */,
				942CC1491E79AEC6004D3814 /* NSString+FCSString.h */,
				942CC14A1E79AEC6004D3814 /* NSString+FCSString.m */,
				942CC14B1E79AEC6004D3814 /* UIButton+FCSButton.h */,
				942CC14C1E79AEC6004D3814 /* UIButton+FCSButton.m */,
				942CC14D1E79AEC6004D3814 /* UIColor+FCSColor.h */,
				942CC14E1E79AEC6004D3814 /* UIColor+FCSColor.m */,
				942CC14F1E79AEC6004D3814 /* UILabel+FCSLabel.h */,
				942CC1501E79AEC6004D3814 /* UILabel+FCSLabel.m */,
				942CC1511E79AEC6004D3814 /* UIViewController+FCSViewController.h */,
				942CC1521E79AEC6004D3814 /* UIViewController+FCSViewController.m */,
			);
			path = FCSCommon;
			sourceTree = "<group>";
		};
		943761D21E7A1F7D0088714E /* Common */ = {
			isa = PBXGroup;
			children = (
				94691ECE1E7B94FA008B00B7 /* Class */,
				943761D31E7A1F7D0088714E /* Tools */,
			);
			path = Common;
			sourceTree = "<group>";
		};
		943761D31E7A1F7D0088714E /* Tools */ = {
			isa = PBXGroup;
			children = (
				943761D41E7A1F7D0088714E /* ignore */,
				943761D61E7A1FD00088714E /* QLMNetworkTools.h */,
				943761D71E7A1FD00088714E /* QLMNetworkTools.m */,
			);
			path = Tools;
			sourceTree = "<group>";
		};
		94691ECE1E7B94FA008B00B7 /* Class */ = {
			isa = PBXGroup;
			children = (
				94691ECF1E7B94FA008B00B7 /* Controller */,
				94691ED31E7B94FA008B00B7 /* Model */,
				94691ED61E7B94FA008B00B7 /* View */,
			);
			path = Class;
			sourceTree = "<group>";
		};
		94691ECF1E7B94FA008B00B7 /* Controller */ = {
			isa = PBXGroup;
			children = (
				94691ED01E7B94FA008B00B7 /* ignore */,
				94691ED11E7B94FA008B00B7 /* QLMPlayListViewController.h */,
				94691ED21E7B94FA008B00B7 /* QLMPlayListViewController.m */,
			);
			path = Controller;
			sourceTree = "<group>";
		};
		94691ED31E7B94FA008B00B7 /* Model */ = {
			isa = PBXGroup;
			children = (
				94691ED41E7B94FA008B00B7 /* QLMVoiceModel.h */,
				94691ED51E7B94FA008B00B7 /* QLMVoiceModel.m */,
			);
			path = Model;
			sourceTree = "<group>";
		};
		94691ED61E7B94FA008B00B7 /* View */ = {
			isa = PBXGroup;
			children = (
				94691ED71E7B94FA008B00B7 /* QLMPlayingButton.h */,
				94691ED81E7B94FA008B00B7 /* QLMPlayingButton.m */,
			);
			path = View;
			sourceTree = "<group>";
		};
		948A5CD71E793258006A595C = {
			isa = PBXGroup;
			children = (
				948A5CE21E793258006A595C /* Qomolangma */,
				948A5CE11E793258006A595C /* Products */,
				755932C18F0E01042E891276 /* Pods */,
				17F73B214B87C588CBF62567 /* Frameworks */,
			);
			sourceTree = "<group>";
		};
		948A5CE11E793258006A595C /* Products */ = {
			isa = PBXGroup;
			children = (
				948A5CE01E793258006A595C /* Qomolangma.app */,
			);
			name = Products;
			sourceTree = "<group>";
		};
		948A5CE21E793258006A595C /* Qomolangma */ = {
			isa = PBXGroup;
			children = (
				94EBD0A81E7937D000F71272 /* Classes */,
				94EBD0DF1E7937D000F71272 /* Libs */,
				94EBD0E11E7937D000F71272 /* Others */,
				948A5CEF1E793258006A595C /* Assets.xcassets */,
				948A5CF11E793258006A595C /* LaunchScreen.storyboard */,
				948A5CE31E793258006A595C /* Supporting Files */,
			);
			path = Qomolangma;
			sourceTree = "<group>";
		};
		948A5CE31E793258006A595C /* Supporting Files */ = {
			isa = PBXGroup;
			children = (
				94EBD1241E793A3A00F71272 /* PrefixHeader.pch */,
				948A5CE61E793258006A595C /* AppDelegate.h */,
				948A5CE71E793258006A595C /* AppDelegate.m */,
				948A5CF41E793258006A595C /* Info.plist */,
				948A5CE41E793258006A595C /* main.m */,
			);
			name = "Supporting Files";
			sourceTree = "<group>";
		};
		94EBD0A81E7937D000F71272 /* Classes */ = {
			isa = PBXGroup;
			children = (
				943761D21E7A1F7D0088714E /* Common */,
				94EBD1141E79395600F71272 /* Frame */,
				94EBD0A91E7937D000F71272 /* Home */,
				94EBD0B21E7937D000F71272 /* Learn */,
				94EBD0BB1E7937D000F71272 /* Listen */,
				94EBD0D61E7937D000F71272 /* Purchased */,
				94EBD0C41E7937D000F71272 /* Mine */,
			);
			path = Classes;
			sourceTree = "<group>";
		};
		94EBD0A91E7937D000F71272 /* Home */ = {
			isa = PBXGroup;
			children = (
				94EBD0AA1E7937D000F71272 /* Controller */,
				94EBD0AC1E7937D000F71272 /* Model */,
				94EBD0AE1E7937D000F71272 /* Others */,
				94EBD0B01E7937D000F71272 /* View */,
			);
			path = Home;
			sourceTree = "<group>";
		};
		94EBD0AA1E7937D000F71272 /* Controller */ = {
			isa = PBXGroup;
			children = (
				94EBD0AB1E7937D000F71272 /* ignore */,
				94EBD0FD1E79382C00F71272 /* QLMHomeViewController.h */,
				94EBD0FE1E79382C00F71272 /* QLMHomeViewController.m */,
			);
			path = Controller;
			sourceTree = "<group>";
		};
		94EBD0AC1E7937D000F71272 /* Model */ = {
			isa = PBXGroup;
			children = (
				43EA26711E7ACA9700380226 /* QLMEverydayBook.h */,
				43EA26721E7ACA9700380226 /* QLMEverydayBook.m */,
				43EA26731E7ACA9700380226 /* QLMFreeAudio.h */,
				43EA26741E7ACA9700380226 /* QLMFreeAudio.m */,
				43EA26771E7ACA9700380226 /* QLMRankingData.h */,
				43EA26781E7ACA9700380226 /* QLMRankingData.m */,
				43EA26791E7ACA9700380226 /* QLMRecommend.h */,
				43EA267A1E7ACA9700380226 /* QLMRecommend.m */,
				43EA267B1E7ACA9700380226 /* QLMSpecialColumn.h */,
				43EA267C1E7ACA9700380226 /* QLMSpecialColumn.m */,
				94EBD0AD1E7937D000F71272 /* ignore */,
			);
			path = Model;
			sourceTree = "<group>";
		};
		94EBD0AE1E7937D000F71272 /* Others */ = {
			isa = PBXGroup;
			children = (
				94EBD0AF1E7937D000F71272 /* ignore */,
			);
			path = Others;
			sourceTree = "<group>";
		};
		94EBD0B01E7937D000F71272 /* View */ = {
			isa = PBXGroup;
			children = (
				43EA26831E7ACAA800380226 /* QLMEverydayBookTableViewCell.h */,
				43EA26841E7ACAA800380226 /* QLMEverydayBookTableViewCell.m */,
				435D27B31E7B96EB008A41FA /* QLMRankingDataTableViewCell.h */,
				435D27B41E7B96EB008A41FA /* QLMRankingDataTableViewCell.m */,
				43EA26851E7ACAA800380226 /* QLMHeadCell.h */,
				43EA26861E7ACAA800380226 /* QLMHeadCell.m */,
				43EA26871E7ACAA800380226 /* QLMHeadFlowLayout.h */,
				43EA26881E7ACAA800380226 /* QLMHeadFlowLayout.m */,
				43EA26891E7ACAA800380226 /* QLMheadView.h */,
				43EA268A1E7ACAA800380226 /* QLMheadView.m */,
				94EBD0B11E7937D000F71272 /* ignore */,
			);
			path = View;
			sourceTree = "<group>";
		};
		94EBD0B21E7937D000F71272 /* Learn */ = {
			isa = PBXGroup;
			children = (
				94EBD0B31E7937D000F71272 /* Controller */,
				94EBD0B51E7937D000F71272 /* Model */,
				94EBD0B71E7937D000F71272 /* Others */,
				94EBD0B91E7937D000F71272 /* View */,
			);
			path = Learn;
			sourceTree = "<group>";
		};
		94EBD0B31E7937D000F71272 /* Controller */ = {
			isa = PBXGroup;
			children = (
				94EBD0B41E7937D000F71272 /* ignore */,
				94EBD1001E79384F00F71272 /* QLMLearnViewController.h */,
				94EBD1011E79384F00F71272 /* QLMLearnViewController.m */,
				C4DC727D1E7BA9D900FCE208 /* QLMLearnDetailsTableViewController.h */,
				C4DC727E1E7BA9D900FCE208 /* QLMLearnDetailsTableViewController.m */,
			);
			path = Controller;
			sourceTree = "<group>";
		};
		94EBD0B51E7937D000F71272 /* Model */ = {
			isa = PBXGroup;
			children = (
				94EBD0B61E7937D000F71272 /* ignore */,
			);
			path = Model;
			sourceTree = "<group>";
		};
		94EBD0B71E7937D000F71272 /* Others */ = {
			isa = PBXGroup;
			children = (
				94EBD0B81E7937D000F71272 /* ignore */,
			);
			path = Others;
			sourceTree = "<group>";
		};
		94EBD0B91E7937D000F71272 /* View */ = {
			isa = PBXGroup;
			children = (
				C4F06E0F1E7AC59C00C03CAD /* QLMLearnCollectionViewCell.h */,
				C4F06E101E7AC59C00C03CAD /* QLMLearnCollectionViewCell.m */,
				C4F06E111E7AC59C00C03CAD /* QLMLearnTableViewCell.h */,
				C4F06E121E7AC59C00C03CAD /* QLMLearnTableViewCell.m */,
				C4F06E131E7AC59C00C03CAD /* QLMLearnViewFlowLayout.h */,
				C4F06E141E7AC59C00C03CAD /* QLMLearnViewFlowLayout.m */,
				C4F06E151E7AC59C00C03CAD /* QLMNavBarView.h */,
				C4F06E161E7AC59C00C03CAD /* QLMNavBarView.m */,
				C4F06E171E7AC59C00C03CAD /* QLMPayedView.h */,
				C4F06E181E7AC59C00C03CAD /* QLMPayedView.m */,
				94EBD0BA1E7937D000F71272 /* ignore */,
			);
			path = View;
			sourceTree = "<group>";
		};
		94EBD0BB1E7937D000F71272 /* Listen */ = {
			isa = PBXGroup;
			children = (
				94EBD0BC1E7937D000F71272 /* Controller */,
				94EBD0BE1E7937D000F71272 /* Model */,
				94EBD0C01E7937D000F71272 /* Others */,
				94EBD0C21E7937D000F71272 /* View */,
			);
			path = Listen;
			sourceTree = "<group>";
		};
		94EBD0BC1E7937D000F71272 /* Controller */ = {
			isa = PBXGroup;
			children = (
				94EBD0BD1E7937D000F71272 /* ignore */,
				94EBD1031E79385C00F71272 /* QLMListenViewController.h */,
				94EBD1041E79385C00F71272 /* QLMListenViewController.m */,
			);
			path = Controller;
			sourceTree = "<group>";
		};
		94EBD0BE1E7937D000F71272 /* Model */ = {
			isa = PBXGroup;
			children = (
				94EBD0BF1E7937D000F71272 /* ignore */,
			);
			path = Model;
			sourceTree = "<group>";
		};
		94EBD0C01E7937D000F71272 /* Others */ = {
			isa = PBXGroup;
			children = (
				94EBD0C11E7937D000F71272 /* ignore */,
			);
			path = Others;
			sourceTree = "<group>";
		};
		94EBD0C21E7937D000F71272 /* View */ = {
			isa = PBXGroup;
			children = (
				94EBD0C31E7937D000F71272 /* ignore */,
			);
			path = View;
			sourceTree = "<group>";
		};
		94EBD0C41E7937D000F71272 /* Mine */ = {
			isa = PBXGroup;
			children = (
				31631F301E7ABD8D0004952C /* Classes */,
				94EBD0C51E7937D000F71272 /* Controller */,
				94EBD0C71E7937D000F71272 /* Model */,
				94EBD0C91E7937D000F71272 /* Others */,
				94EBD0CB1E7937D000F71272 /* View */,
			);
			path = Mine;
			sourceTree = "<group>";
		};
		94EBD0C51E7937D000F71272 /* Controller */ = {
			isa = PBXGroup;
			children = (
				94EBD1061E79386600F71272 /* QLMMineViewController.h */,
				94EBD1071E79386600F71272 /* QLMMineViewController.m */,
			);
			path = Controller;
			sourceTree = "<group>";
		};
		94EBD0C71E7937D000F71272 /* Model */ = {
			isa = PBXGroup;
			children = (
				31CCEA741E7A37BE0077AE71 /* QLMMineInfoModel.h */,
				31CCEA751E7A37BE0077AE71 /* QLMMineInfoModel.m */,
			);
			path = Model;
			sourceTree = "<group>";
		};
		94EBD0C91E7937D000F71272 /* Others */ = {
			isa = PBXGroup;
			children = (
				31CCEA721E7979440077AE71 /* MineInformatiom.plist */,
			);
			path = Others;
			sourceTree = "<group>";
		};
		94EBD0CB1E7937D000F71272 /* View */ = {
			isa = PBXGroup;
			children = (
				31631F151E7A62D10004952C /* QLMMineInfoCell.h */,
				31631F161E7A62D10004952C /* QLMMineInfoCell.m */,
				31631F1B1E7A71AA0004952C /* QLMMineTopCell.h */,
				31631F1C1E7A71AA0004952C /* QLMMineTopCell.m */,
				31631F2A1E7A8C850004952C /* QLMMineHeaderView.h */,
				31631F2B1E7A8C850004952C /* QLMMineHeaderView.m */,
				31631F2D1E7A8CC70004952C /* QLMMineTableViewHeaderFooterView.h */,
				31631F2E1E7A8CC70004952C /* QLMMineTableViewHeaderFooterView.m */,
			);
			path = View;
			sourceTree = "<group>";
		};
		94EBD0D61E7937D000F71272 /* Purchased */ = {
			isa = PBXGroup;
			children = (
				B279D7981E7BC0D000504CFB /* Lib */,
				94EBD0D71E7937D000F71272 /* Controller */,
				94EBD0D91E7937D000F71272 /* Model */,
				94EBD0DB1E7937D000F71272 /* Others */,
				94EBD0DD1E7937D000F71272 /* View */,
			);
			path = Purchased;
			sourceTree = "<group>";
		};
		94EBD0D71E7937D000F71272 /* Controller */ = {
			isa = PBXGroup;
			children = (
				94EBD0D81E7937D000F71272 /* ignore */,
				94EBD1251E794E5D00F71272 /* QLMPurchasedViewController.h */,
				94EBD1261E794E5D00F71272 /* QLMPurchasedViewController.m */,
				B279D78D1E7B7CD100504CFB /* QLMPurchasedContentController.h */,
				B279D78E1E7B7CD100504CFB /* QLMPurchasedContentController.m */,
			);
			path = Controller;
			sourceTree = "<group>";
		};
		94EBD0D91E7937D000F71272 /* Model */ = {
			isa = PBXGroup;
			children = (
				94EBD0DA1E7937D000F71272 /* ignore */,
				B27D9B401E7961CA00AD3739 /* QLMPurchasedModel.h */,
				B27D9B411E7961CA00AD3739 /* QLMPurchasedModel.m */,
			);
			path = Model;
			sourceTree = "<group>";
		};
		94EBD0DB1E7937D000F71272 /* Others */ = {
			isa = PBXGroup;
			children = (
				B27D9B4B1E79788700AD3739 /* purchase.json */,
				94EBD0DC1E7937D000F71272 /* ignore */,
			);
			path = Others;
			sourceTree = "<group>";
		};
		94EBD0DD1E7937D000F71272 /* View */ = {
			isa = PBXGroup;
			children = (
				94EBD0DE1E7937D000F71272 /* ignore */,
				B27D9B431E7961FA00AD3739 /* QLMPurchasedLable.h */,
				B27D9B441E7961FA00AD3739 /* QLMPurchasedLable.m */,
				B27D9B461E79677500AD3739 /* QLMPurchasedFlowLayout.h */,
				B27D9B471E79677500AD3739 /* QLMPurchasedFlowLayout.m */,
				B279D7901E7B7F2E00504CFB /* QLMPurchasedCollectionViewCell.h */,
				B279D7911E7B7F2F00504CFB /* QLMPurchasedCollectionViewCell.m */,
				B279D7931E7B7F5E00504CFB /* QLMPurchasedTableViewCell.h */,
				B279D7941E7B7F5E00504CFB /* QLMPurchasedTableViewCell.m */,
				B279D7961E7B811F00504CFB /* PurchasedContentCell.xib */,
			);
			path = View;
			sourceTree = "<group>";
		};
		94EBD0DF1E7937D000F71272 /* Libs */ = {
			isa = PBXGroup;
			children = (
				942CC13F1E79AEC6004D3814 /* FCSCommon */,
				94EBD1101E7938BA00F71272 /* NSString-Hash-master */,
				94EBD0E01E7937D000F71272 /* ignore */,
			);
			path = Libs;
			sourceTree = "<group>";
		};
		94EBD0E11E7937D000F71272 /* Others */ = {
			isa = PBXGroup;
			children = (
				94EBD0E21E7937D000F71272 /* ignore */,
			);
			path = Others;
			sourceTree = "<group>";
		};
		94EBD1101E7938BA00F71272 /* NSString-Hash-master */ = {
			isa = PBXGroup;
			children = (
				94EBD1111E7938BA00F71272 /* NSString+Hash.h */,
				94EBD1121E7938BA00F71272 /* NSString+Hash.m */,
			);
			path = "NSString-Hash-master";
			sourceTree = "<group>";
		};
		94EBD1141E79395600F71272 /* Frame */ = {
			isa = PBXGroup;
			children = (
				94EBD1151E79395600F71272 /* Controller */,
				94EBD1171E79395600F71272 /* Model */,
				94EBD1191E79395600F71272 /* Others */,
				94EBD11B1E79395600F71272 /* View */,
			);
			path = Frame;
			sourceTree = "<group>";
		};
		94EBD1151E79395600F71272 /* Controller */ = {
			isa = PBXGroup;
			children = (
				94691EDD1E7B9515008B00B7 /* QLMBaseViewController.h */,
				94691EDE1E7B9515008B00B7 /* QLMBaseViewController.m */,
				94EBD1211E79396000F71272 /* QLMFrameViewController.h */,
				94EBD1221E79396000F71272 /* QLMFrameViewController.m */,
			);
			path = Controller;
			sourceTree = "<group>";
		};
		94EBD1171E79395600F71272 /* Model */ = {
			isa = PBXGroup;
			children = (
				94EBD1181E79395600F71272 /* ignore */,
			);
			path = Model;
			sourceTree = "<group>";
		};
		94EBD1191E79395600F71272 /* Others */ = {
			isa = PBXGroup;
			children = (
				94EBD11A1E79395600F71272 /* ignore */,
			);
			path = Others;
			sourceTree = "<group>";
		};
		94EBD11B1E79395600F71272 /* View */ = {
			isa = PBXGroup;
			children = (
				94EBD11C1E79395600F71272 /* ignore */,
			);
			path = View;
			sourceTree = "<group>";
		};
		B279D7981E7BC0D000504CFB /* Lib */ = {
			isa = PBXGroup;
			children = (
				B279D7991E7BC0ED00504CFB /* LDRefresh */,
			);
			name = Lib;
			sourceTree = "<group>";
		};
		B279D7991E7BC0ED00504CFB /* LDRefresh */ = {
			isa = PBXGroup;
			children = (
				B279D79A1E7BC0ED00504CFB /* LDRefresh.h */,
				B279D79B1E7BC0ED00504CFB /* LDRefreshFooterView.h */,
				B279D79C1E7BC0ED00504CFB /* LDRefreshFooterView.m */,
				B279D79D1E7BC0ED00504CFB /* LDRefreshHeaderView.h */,
				B279D79E1E7BC0ED00504CFB /* LDRefreshHeaderView.m */,
				B279D79F1E7BC0ED00504CFB /* tableview_pull_refresh@2x.png */,
				B279D7A01E7BC0ED00504CFB /* tableview_pull_refresh@3x.png */,
				B279D7A11E7BC0ED00504CFB /* UIScrollView+LDRefresh.h */,
				B279D7A21E7BC0ED00504CFB /* UIScrollView+LDRefresh.m */,
			);
			path = LDRefresh;
			sourceTree = "<group>";
		};
/* End PBXGroup section */

/* Begin PBXNativeTarget section */
		948A5CDF1E793258006A595C /* Qomolangma */ = {
			isa = PBXNativeTarget;
			buildConfigurationList = 948A5CF71E793258006A595C /* Build configuration list for PBXNativeTarget "Qomolangma" */;
			buildPhases = (
				FC9B59BDD8FDB5FFC4E0EE25 /* [CP] Check Pods Manifest.lock */,
				948A5CDC1E793258006A595C /* Sources */,
				948A5CDD1E793258006A595C /* Frameworks */,
				948A5CDE1E793258006A595C /* Resources */,
				E62E72B6BAC8BFF62ED0D6F5 /* [CP] Embed Pods Frameworks */,
				B04849F8CFF5738161DF9070 /* [CP] Copy Pods Resources */,
			);
			buildRules = (
			);
			dependencies = (
			);
			name = Qomolangma;
			productName = Qomolangma;
			productReference = 948A5CE01E793258006A595C /* Qomolangma.app */;
			productType = "com.apple.product-type.application";
		};
/* End PBXNativeTarget section */

/* Begin PBXProject section */
		948A5CD81E793258006A595C /* Project object */ = {
			isa = PBXProject;
			attributes = {
				CLASSPREFIX = QLM;
				LastUpgradeCheck = 0820;
				ORGANIZATIONNAME = Focus;
				TargetAttributes = {
					948A5CDF1E793258006A595C = {
						CreatedOnToolsVersion = 8.2.1;
						ProvisioningStyle = Automatic;
					};
				};
			};
			buildConfigurationList = 948A5CDB1E793258006A595C /* Build configuration list for PBXProject "Qomolangma" */;
			compatibilityVersion = "Xcode 3.2";
			developmentRegion = English;
			hasScannedForEncodings = 0;
			knownRegions = (
				en,
				Base,
			);
			mainGroup = 948A5CD71E793258006A595C;
			productRefGroup = 948A5CE11E793258006A595C /* Products */;
			projectDirPath = "";
			projectRoot = "";
			targets = (
				948A5CDF1E793258006A595C /* Qomolangma */,
			);
		};
/* End PBXProject section */

/* Begin PBXResourcesBuildPhase section */
		948A5CDE1E793258006A595C /* Resources */ = {
			isa = PBXResourcesBuildPhase;
			buildActionMask = 2147483647;
			files = (
				94EBD11E1E79395600F71272 /* ignore in Resources */,
				94EBD0FA1E7937D000F71272 /* ignore in Resources */,
				943761D51E7A1F7D0088714E /* ignore in Resources */,
				94EBD1201E79395600F71272 /* ignore in Resources */,
				94EBD0FC1E7937D000F71272 /* ignore in Resources */,
				B279D7A61E7BC0ED00504CFB /* tableview_pull_refresh@3x.png in Resources */,
				94EBD0F81E7937D000F71272 /* ignore in Resources */,
				94EBD0ED1E7937D000F71272 /* ignore in Resources */,
				94EBD0EB1E7937D000F71272 /* ignore in Resources */,
				B279D7971E7B811F00504CFB /* PurchasedContentCell.xib in Resources */,
				94EBD0EE1E7937D000F71272 /* ignore in Resources */,
				94EBD0EA1E7937D000F71272 /* ignore in Resources */,
				B27D9B4C1E79788700AD3739 /* purchase.json in Resources */,
				94EBD0F71E7937D000F71272 /* ignore in Resources */,
				94EBD0EC1E7937D000F71272 /* ignore in Resources */,
				94EBD0E51E7937D000F71272 /* ignore in Resources */,
				94691ED91E7B94FA008B00B7 /* ignore in Resources */,
				948A5CF31E793258006A595C /* LaunchScreen.storyboard in Resources */,
				94EBD11F1E79395600F71272 /* ignore in Resources */,
				94EBD0FB1E7937D000F71272 /* ignore in Resources */,
				31CCEA731E7979440077AE71 /* MineInformatiom.plist in Resources */,
				B279D7A51E7BC0ED00504CFB /* tableview_pull_refresh@2x.png in Resources */,
				94EBD0E81E7937D000F71272 /* ignore in Resources */,
				94EBD0F91E7937D000F71272 /* ignore in Resources */,
				94EBD0E71E7937D000F71272 /* ignore in Resources */,
				94EBD0E61E7937D000F71272 /* ignore in Resources */,
				94EBD0E91E7937D000F71272 /* ignore in Resources */,
				948A5CF01E793258006A595C /* Assets.xcassets in Resources */,
				94EBD0E41E7937D000F71272 /* ignore in Resources */,
				94EBD0E31E7937D000F71272 /* ignore in Resources */,
			);
			runOnlyForDeploymentPostprocessing = 0;
		};
/* End PBXResourcesBuildPhase section */

/* Begin PBXShellScriptBuildPhase section */
		B04849F8CFF5738161DF9070 /* [CP] Copy Pods Resources */ = {
			isa = PBXShellScriptBuildPhase;
			buildActionMask = 2147483647;
			files = (
			);
			inputPaths = (
			);
			name = "[CP] Copy Pods Resources";
			outputPaths = (
			);
			runOnlyForDeploymentPostprocessing = 0;
			shellPath = /bin/sh;
			shellScript = "\"${SRCROOT}/Pods/Target Support Files/Pods-Qomolangma/Pods-Qomolangma-resources.sh\"\n";
			showEnvVarsInLog = 0;
		};
		E62E72B6BAC8BFF62ED0D6F5 /* [CP] Embed Pods Frameworks */ = {
			isa = PBXShellScriptBuildPhase;
			buildActionMask = 2147483647;
			files = (
			);
			inputPaths = (
			);
			name = "[CP] Embed Pods Frameworks";
			outputPaths = (
			);
			runOnlyForDeploymentPostprocessing = 0;
			shellPath = /bin/sh;
			shellScript = "\"${SRCROOT}/Pods/Target Support Files/Pods-Qomolangma/Pods-Qomolangma-frameworks.sh\"\n";
			showEnvVarsInLog = 0;
		};
		FC9B59BDD8FDB5FFC4E0EE25 /* [CP] Check Pods Manifest.lock */ = {
			isa = PBXShellScriptBuildPhase;
			buildActionMask = 2147483647;
			files = (
			);
			inputPaths = (
			);
			name = "[CP] Check Pods Manifest.lock";
			outputPaths = (
			);
			runOnlyForDeploymentPostprocessing = 0;
			shellPath = /bin/sh;
			shellScript = "diff \"${PODS_ROOT}/../Podfile.lock\" \"${PODS_ROOT}/Manifest.lock\" > /dev/null\nif [ $? != 0 ] ; then\n    # print error to STDERR\n    echo \"error: The sandbox is not in sync with the Podfile.lock. Run 'pod install' or update your CocoaPods installation.\" >&2\n    exit 1\nfi\n";
			showEnvVarsInLog = 0;
		};
/* End PBXShellScriptBuildPhase section */

/* Begin PBXSourcesBuildPhase section */
		948A5CDC1E793258006A595C /* Sources */ = {
			isa = PBXSourcesBuildPhase;
			buildActionMask = 2147483647;
			files = (
				948A5CE81E793258006A595C /* AppDelegate.m in Sources */,
				43EA26821E7ACA9700380226 /* QLMSpecialColumn.m in Sources */,
				B279D7A41E7BC0ED00504CFB /* LDRefreshHeaderView.m in Sources */,
				B279D7921E7B7F2F00504CFB /* QLMPurchasedCollectionViewCell.m in Sources */,
				C4F06E1D1E7AC59C00C03CAD /* QLMPayedView.m in Sources */,
				942CC1591E79AEC6004D3814 /* UIColor+FCSColor.m in Sources */,
				C4F06E191E7AC59C00C03CAD /* QLMLearnCollectionViewCell.m in Sources */,
				43EA26811E7ACA9700380226 /* QLMRecommend.m in Sources */,
				942CC15B1E79AEC6004D3814 /* UIViewController+FCSViewController.m in Sources */,
				31CCEA761E7A37BE0077AE71 /* QLMMineInfoModel.m in Sources */,
				C4F06E1A1E7AC59C00C03CAD /* QLMLearnTableViewCell.m in Sources */,
				43EA267E1E7ACA9700380226 /* QLMFreeAudio.m in Sources */,
				942CC1531E79AEC6004D3814 /* NSArray+FCSArray.m in Sources */,
				94EBD1131E7938BA00F71272 /* NSString+Hash.m in Sources */,
				C4F06E1B1E7AC59C00C03CAD /* QLMLearnViewFlowLayout.m in Sources */,
				942CC1541E79AEC6004D3814 /* NSAttributedString+FCSAttributedString.m in Sources */,
				B27D9B481E79677500AD3739 /* QLMPurchasedFlowLayout.m in Sources */,
				C4DC727F1E7BA9D900FCE208 /* QLMLearnDetailsTableViewController.m in Sources */,
				943761D81E7A1FD00088714E /* QLMNetworkTools.m in Sources */,
				942CC15A1E79AEC6004D3814 /* UILabel+FCSLabel.m in Sources */,
				942CC1571E79AEC6004D3814 /* NSString+FCSString.m in Sources */,
				31631F2C1E7A8C850004952C /* QLMMineHeaderView.m in Sources */,
				43EA268C1E7ACAA800380226 /* QLMHeadCell.m in Sources */,
				942CC1561E79AEC6004D3814 /* NSObject+FCSObject.m in Sources */,
				942CC1551E79AEC6004D3814 /* NSDictionary+FCSDictionary.m in Sources */,
				94EBD0FF1E79382C00F71272 /* QLMHomeViewController.m in Sources */,
				43EA26801E7ACA9700380226 /* QLMRankingData.m in Sources */,
				94EBD1231E79396000F71272 /* QLMFrameViewController.m in Sources */,
				C4F06E1C1E7AC59C00C03CAD /* QLMNavBarView.m in Sources */,
				B279D7A31E7BC0ED00504CFB /* LDRefreshFooterView.m in Sources */,
				B279D7951E7B7F5E00504CFB /* QLMPurchasedTableViewCell.m in Sources */,
				43EA268E1E7ACAA800380226 /* QLMheadView.m in Sources */,
				B279D7A71E7BC0ED00504CFB /* UIScrollView+LDRefresh.m in Sources */,
				B27D9B451E7961FA00AD3739 /* QLMPurchasedLable.m in Sources */,
				31631F371E7ABE990004952C /* QLMMineLoginSelectController.m in Sources */,
				94EBD1021E79384F00F71272 /* QLMLearnViewController.m in Sources */,
				94EBD1051E79385C00F71272 /* QLMListenViewController.m in Sources */,
				435D27B51E7B96EB008A41FA /* QLMRankingDataTableViewCell.m in Sources */,
				94EBD1081E79386600F71272 /* QLMMineViewController.m in Sources */,
				316DC0D91E7BF4D20076BD9C /* QLMMineRegisterController.m in Sources */,
				94691EDC1E7B94FA008B00B7 /* QLMPlayingButton.m in Sources */,
				948A5CE51E793258006A595C /* main.m in Sources */,
				316DC0D81E7BF4D20076BD9C /* QLMMineLoginController.m in Sources */,
				43EA267D1E7ACA9700380226 /* QLMEverydayBook.m in Sources */,
				43EA268D1E7ACAA800380226 /* QLMHeadFlowLayout.m in Sources */,
				B27D9B421E7961CA00AD3739 /* QLMPurchasedModel.m in Sources */,
				94691EDA1E7B94FA008B00B7 /* QLMPlayListViewController.m in Sources */,
				942CC1581E79AEC6004D3814 /* UIButton+FCSButton.m in Sources */,
				B279D78F1E7B7CD100504CFB /* QLMPurchasedContentController.m in Sources */,
				31631F1D1E7A71AA0004952C /* QLMMineTopCell.m in Sources */,
				31631F2F1E7A8CC70004952C /* QLMMineTableViewHeaderFooterView.m in Sources */,
				43EA268B1E7ACAA800380226 /* QLMEverydayBookTableViewCell.m in Sources */,
				31631F171E7A62D10004952C /* QLMMineInfoCell.m in Sources */,
				94EBD1271E794E5D00F71272 /* QLMPurchasedViewController.m in Sources */,
				94691EDB1E7B94FA008B00B7 /* QLMVoiceModel.m in Sources */,
				94691EDF1E7B9515008B00B7 /* QLMBaseViewController.m in Sources */,
			);
			runOnlyForDeploymentPostprocessing = 0;
		};
/* End PBXSourcesBuildPhase section */

/* Begin PBXVariantGroup section */
		948A5CF11E793258006A595C /* LaunchScreen.storyboard */ = {
			isa = PBXVariantGroup;
			children = (
				948A5CF21E793258006A595C /* Base */,
			);
			name = LaunchScreen.storyboard;
			sourceTree = "<group>";
		};
/* End PBXVariantGroup section */

/* Begin XCBuildConfiguration section */
		948A5CF51E793258006A595C /* Debug */ = {
			isa = XCBuildConfiguration;
			buildSettings = {
				ALWAYS_SEARCH_USER_PATHS = NO;
				CLANG_ANALYZER_NONNULL = YES;
				CLANG_CXX_LANGUAGE_STANDARD = "gnu++0x";
				CLANG_CXX_LIBRARY = "libc++";
				CLANG_ENABLE_MODULES = YES;
				CLANG_ENABLE_OBJC_ARC = YES;
				CLANG_WARN_BOOL_CONVERSION = YES;
				CLANG_WARN_CONSTANT_CONVERSION = YES;
				CLANG_WARN_DIRECT_OBJC_ISA_USAGE = YES_ERROR;
				CLANG_WARN_DOCUMENTATION_COMMENTS = YES;
				CLANG_WARN_EMPTY_BODY = YES;
				CLANG_WARN_ENUM_CONVERSION = YES;
				CLANG_WARN_INFINITE_RECURSION = YES;
				CLANG_WARN_INT_CONVERSION = YES;
				CLANG_WARN_OBJC_ROOT_CLASS = YES_ERROR;
				CLANG_WARN_SUSPICIOUS_MOVE = YES;
				CLANG_WARN_UNREACHABLE_CODE = YES;
				CLANG_WARN__DUPLICATE_METHOD_MATCH = YES;
				"CODE_SIGN_IDENTITY[sdk=iphoneos*]" = "iPhone Developer";
				COPY_PHASE_STRIP = NO;
				DEBUG_INFORMATION_FORMAT = dwarf;
				ENABLE_STRICT_OBJC_MSGSEND = YES;
				ENABLE_TESTABILITY = YES;
				GCC_C_LANGUAGE_STANDARD = gnu99;
				GCC_DYNAMIC_NO_PIC = NO;
				GCC_NO_COMMON_BLOCKS = YES;
				GCC_OPTIMIZATION_LEVEL = 0;
				GCC_PREPROCESSOR_DEFINITIONS = (
					"DEBUG=1",
					"$(inherited)",
				);
				GCC_WARN_64_TO_32_BIT_CONVERSION = YES;
				GCC_WARN_ABOUT_RETURN_TYPE = YES_ERROR;
				GCC_WARN_UNDECLARED_SELECTOR = YES;
				GCC_WARN_UNINITIALIZED_AUTOS = YES_AGGRESSIVE;
				GCC_WARN_UNUSED_FUNCTION = YES;
				GCC_WARN_UNUSED_VARIABLE = YES;
				IPHONEOS_DEPLOYMENT_TARGET = 10.2;
				MTL_ENABLE_DEBUG_INFO = YES;
				ONLY_ACTIVE_ARCH = YES;
				SDKROOT = iphoneos;
			};
			name = Debug;
		};
		948A5CF61E793258006A595C /* Release */ = {
			isa = XCBuildConfiguration;
			buildSettings = {
				ALWAYS_SEARCH_USER_PATHS = NO;
				CLANG_ANALYZER_NONNULL = YES;
				CLANG_CXX_LANGUAGE_STANDARD = "gnu++0x";
				CLANG_CXX_LIBRARY = "libc++";
				CLANG_ENABLE_MODULES = YES;
				CLANG_ENABLE_OBJC_ARC = YES;
				CLANG_WARN_BOOL_CONVERSION = YES;
				CLANG_WARN_CONSTANT_CONVERSION = YES;
				CLANG_WARN_DIRECT_OBJC_ISA_USAGE = YES_ERROR;
				CLANG_WARN_DOCUMENTATION_COMMENTS = YES;
				CLANG_WARN_EMPTY_BODY = YES;
				CLANG_WARN_ENUM_CONVERSION = YES;
				CLANG_WARN_INFINITE_RECURSION = YES;
				CLANG_WARN_INT_CONVERSION = YES;
				CLANG_WARN_OBJC_ROOT_CLASS = YES_ERROR;
				CLANG_WARN_SUSPICIOUS_MOVE = YES;
				CLANG_WARN_UNREACHABLE_CODE = YES;
				CLANG_WARN__DUPLICATE_METHOD_MATCH = YES;
				"CODE_SIGN_IDENTITY[sdk=iphoneos*]" = "iPhone Developer";
				COPY_PHASE_STRIP = NO;
				DEBUG_INFORMATION_FORMAT = "dwarf-with-dsym";
				ENABLE_NS_ASSERTIONS = NO;
				ENABLE_STRICT_OBJC_MSGSEND = YES;
				GCC_C_LANGUAGE_STANDARD = gnu99;
				GCC_NO_COMMON_BLOCKS = YES;
				GCC_WARN_64_TO_32_BIT_CONVERSION = YES;
				GCC_WARN_ABOUT_RETURN_TYPE = YES_ERROR;
				GCC_WARN_UNDECLARED_SELECTOR = YES;
				GCC_WARN_UNINITIALIZED_AUTOS = YES_AGGRESSIVE;
				GCC_WARN_UNUSED_FUNCTION = YES;
				GCC_WARN_UNUSED_VARIABLE = YES;
				IPHONEOS_DEPLOYMENT_TARGET = 10.2;
				MTL_ENABLE_DEBUG_INFO = NO;
				SDKROOT = iphoneos;
				VALIDATE_PRODUCT = YES;
			};
			name = Release;
		};
		948A5CF81E793258006A595C /* Debug */ = {
			isa = XCBuildConfiguration;
			baseConfigurationReference = 3F9EEF78AF999A9FC3CBA96E /* Pods-Qomolangma.debug.xcconfig */;
			buildSettings = {
				ASSETCATALOG_COMPILER_APPICON_NAME = AppIcon;
				GCC_PREFIX_HEADER = Qomolangma/PrefixHeader.pch;
				INFOPLIST_FILE = Qomolangma/Info.plist;
				IPHONEOS_DEPLOYMENT_TARGET = 9.0;
				LD_RUNPATH_SEARCH_PATHS = "$(inherited) @executable_path/Frameworks";
				PRODUCT_BUNDLE_IDENTIFIER = com.Focus.Qomolangma;
				PRODUCT_NAME = "$(TARGET_NAME)";
			};
			name = Debug;
		};
		948A5CF91E793258006A595C /* Release */ = {
			isa = XCBuildConfiguration;
			baseConfigurationReference = 742B4AF91CA908E0FB52156F /* Pods-Qomolangma.release.xcconfig */;
			buildSettings = {
				ASSETCATALOG_COMPILER_APPICON_NAME = AppIcon;
				GCC_PREFIX_HEADER = Qomolangma/PrefixHeader.pch;
				INFOPLIST_FILE = Qomolangma/Info.plist;
				IPHONEOS_DEPLOYMENT_TARGET = 9.0;
				LD_RUNPATH_SEARCH_PATHS = "$(inherited) @executable_path/Frameworks";
				PRODUCT_BUNDLE_IDENTIFIER = com.Focus.Qomolangma;
				PRODUCT_NAME = "$(TARGET_NAME)";
			};
			name = Release;
		};
/* End XCBuildConfiguration section */

/* Begin XCConfigurationList section */
		948A5CDB1E793258006A595C /* Build configuration list for PBXProject "Qomolangma" */ = {
			isa = XCConfigurationList;
			buildConfigurations = (
				948A5CF51E793258006A595C /* Debug */,
				948A5CF61E793258006A595C /* Release */,
			);
			defaultConfigurationIsVisible = 0;
			defaultConfigurationName = Release;
		};
		948A5CF71E793258006A595C /* Build configuration list for PBXNativeTarget "Qomolangma" */ = {
			isa = XCConfigurationList;
			buildConfigurations = (
				948A5CF81E793258006A595C /* Debug */,
				948A5CF91E793258006A595C /* Release */,
			);
			defaultConfigurationIsVisible = 0;
			defaultConfigurationName = Release;
		};
/* End XCConfigurationList section */
	};
	rootObject = 948A5CD81E793258006A595C /* Project object */;
}
